# Code generated by scarb DO NOT EDIT.
version = 1

[[package]]
name = "dojo"
version = "0.3.1"
source = "git+https://github.com/dojoengine/dojo?tag=v0.3.1#4ae61b3fa8e39af9387f05af264e1c24865e971c"
dependencies = [
 "dojo_plugin",
]

[[package]]
name = "dojo_plugin"
version = "0.3.1"
source = "git+https://github.com/dojoengine/dojo?tag=v0.3.1#4ae61b3fa8e39af9387f05af264e1c24865e971c"

[[package]]
name = "tsubasa"
version = "0.1.0"
dependencies = [
 "dojo",
]
